// !$*UTF8*$!
{
	archiveVersion = 1;
	classes = {
	};
	objectVersion = 46;
	objects = {

/* Begin PBXBuildFile section */
		71B57C8619C7705600EF6AE3 /* main.m in Sources */ = {isa = PBXBuildFile; fileRef = 71B57C8519C7705600EF6AE3 /* main.m */; };
		71B57C8919C7705600EF6AE3 /* AppDelegate.m in Sources */ = {isa = PBXBuildFile; fileRef = 71B57C8819C7705600EF6AE3 /* AppDelegate.m */; };
		71B57C8B19C7705600EF6AE3 /* Images.xcassets in Resources */ = {isa = PBXBuildFile; fileRef = 71B57C8A19C7705600EF6AE3 /* Images.xcassets */; };
		71B57C9A19C7705700EF6AE3 /* EmptyProjectTests.m in Sources */ = {isa = PBXBuildFile; fileRef = 71B57C9919C7705700EF6AE3 /* EmptyProjectTests.m */; };
/* End PBXBuildFile section */

/* Begin PBXContainerItemProxy section */
		71B57C9419C7705700EF6AE3 /* PBXContainerItemProxy */ = {
			isa = PBXContainerItemProxy;
			containerPortal = 71B57C7819C7705600EF6AE3 /* Project object */;
			proxyType = 1;
			remoteGlobalIDString = 71B57C7F19C7705600EF6AE3;
			remoteInfo = EmptyProject;
		};
/* End PBXContainerItemProxy section */

/* Begin PBXFileReference section */
		71B57C8019C7705600EF6AE3 /* EmptyProject.app */ = {isa = PBXFileReference; explicitFileType = wrapper.application; includeInIndex = 0; path = EmptyProject.app; sourceTree = BUILT_PRODUCTS_DIR; };
		71B57C8419C7705600EF6AE3 /* Info.plist */ = {isa = PBXFileReference; lastKnownFileType = text.plist.xml; path = Info.plist; sourceTree = "<group>"; };
		71B57C8519C7705600EF6AE3 /* main.m */ = {isa = PBXFileReference; lastKnownFileType = sourcecode.c.objc; path = main.m; sourceTree = "<group>"; };
		71B57C8719C7705600EF6AE3 /* AppDelegate.h */ = {isa = PBXFileReference; lastKnownFileType = sourcecode.c.h; path = AppDelegate.h; sourceTree = "<group>"; };
		71B57C8819C7705600EF6AE3 /* AppDelegate.m */ = {isa = PBXFileReference; lastKnownFileType = sourcecode.c.objc; path = AppDelegate.m; sourceTree = "<group>"; };
		71B57C8A19C7705600EF6AE3 /* Images.xcassets */ = {isa = PBXFileReference; lastKnownFileType = folder.assetcatalog; path = Images.xcassets; sourceTree = "<group>"; };
		71B57C9319C7705700EF6AE3 /* EmptyProjectTests.xctest */ = {isa = PBXFileReference; explicitFileType = wrapper.cfbundle; includeInIndex = 0; path = EmptyProjectTests.xctest; sourceTree = BUILT_PRODUCTS_DIR; };
		71B57C9819C7705700EF6AE3 /* Info.plist */ = {isa = PBXFileReference; lastKnownFileType = text.plist.xml; path = Info.plist; sourceTree = "<group>"; };
		71B57C9919C7705700EF6AE3 /* EmptyProjectTests.m */ = {isa = PBXFileReference; lastKnownFileType = sourcecode.c.objc; path = EmptyProjectTests.m; sourceTree = "<group>"; };
/* End PBXFileReference section */

/* Begin PBXFrameworksBuildPhase section */
		71B57C7D19C7705600EF6AE3 /* Frameworks */ = {
			isa = PBXFrameworksBuildPhase;
			buildActionMask = 2147483647;
			files = (
			);
			runOnlyForDeploymentPostprocessing = 0;
		};
		71B57C9019C7705700EF6AE3 /* Frameworks */ = {
			isa = PBXFrameworksBuildPhase;
			buildActionMask = 2147483647;
			files = (
			);
			runOnlyForDeploymentPostprocessing = 0;
		};
/* End PBXFrameworksBuildPhase section */

/* Begin PBXGroup section */
		71B57C7719C7705600EF6AE3 = {
			isa = PBXGroup;
			children = (
				71B57C8219C7705600EF6AE3 /* EmptyProject */,
				71B57C9619C7705700EF6AE3 /* EmptyProjectTests */,
				71B57C8119C7705600EF6AE3 /* Products */,
			);
			sourceTree = "<group>";
		};
		71B57C8119C7705600EF6AE3 /* Products */ = {
			isa = PBXGroup;
			children = (
				71B57C8019C7705600EF6AE3 /* EmptyProject.app */,
				71B57C9319C7705700EF6AE3 /* EmptyProjectTests.xctest */,
			);
			name = Products;
			sourceTree = "<group>";
		};
		71B57C8219C7705600EF6AE3 /* EmptyProject */ = {
			isa = PBXGroup;
			children = (
				71B57C8719C7705600EF6AE3 /* AppDelegate.h */,
				71B57C8819C7705600EF6AE3 /* AppDelegate.m */,
				71B57C8A19C7705600EF6AE3 /* Images.xcassets */,
				71B57C8319C7705600EF6AE3 /* Supporting Files */,
			);
			path = EmptyProject;
			sourceTree = "<group>";
		};
		71B57C8319C7705600EF6AE3 /* Supporting Files */ = {
			isa = PBXGroup;
			children = (
				71B57C8419C7705600EF6AE3 /* Info.plist */,
				71B57C8519C7705600EF6AE3 /* main.m */,
			);
			name = "Supporting Files";
			sourceTree = "<group>";
		};
		71B57C9619C7705700EF6AE3 /* EmptyProjectTests */ = {
			isa = PBXGroup;
			children = (
				71B57C9919C7705700EF6AE3 /* EmptyProjectTests.m */,
				71B57C9719C7705700EF6AE3 /* Supporting Files */,
			);
			path = EmptyProjectTests;
			sourceTree = "<group>";
		};
		71B57C9719C7705700EF6AE3 /* Supporting Files */ = {
			isa = PBXGroup;
			children = (
				71B57C9819C7705700EF6AE3 /* Info.plist */,
			);
			name = "Supporting Files";
			sourceTree = "<group>";
		};
/* End PBXGroup section */

/* Begin PBXNativeTarget section */
		71B57C7F19C7705600EF6AE3 /* EmptyProject */ = {
			isa = PBXNativeTarget;
			buildConfigurationList = 71B57C9D19C7705700EF6AE3 /* Build configuration list for PBXNativeTarget "EmptyProject" */;
			buildPhases = (
				71B57C7C19C7705600EF6AE3 /* Sources */,
				71B57C7D19C7705600EF6AE3 /* Frameworks */,
				71B57C7E19C7705600EF6AE3 /* Resources */,
			);
			buildRules = (
			);
			dependencies = (
			);
			name = EmptyProject;
			productName = EmptyProject;
			productReference = 71B57C8019C7705600EF6AE3 /* EmptyProject.app */;
			productType = "com.apple.product-type.application";
		};
		71B57C9219C7705700EF6AE3 /* EmptyProjectTests */ = {
			isa = PBXNativeTarget;
			buildConfigurationList = 71B57CA019C7705700EF6AE3 /* Build configuration list for PBXNativeTarget "EmptyProjectTests" */;
			buildPhases = (
				71B57C8F19C7705700EF6AE3 /* Sources */,
				71B57C9019C7705700EF6AE3 /* Frameworks */,
				71B57C9119C7705700EF6AE3 /* Resources */,
			);
			buildRules = (
			);
			dependencies = (
				71B57C9519C7705700EF6AE3 /* PBXTargetDependency */,
			);
			name = EmptyProjectTests;
			productName = EmptyProjectTests;
			productReference = 71B57C9319C7705700EF6AE3 /* EmptyProjectTests.xctest */;
			productType = "com.apple.product-type.bundle.unit-test";
		};
/* End PBXNativeTarget section */

/* Begin PBXProject section */
		71B57C7819C7705600EF6AE3 /* Project object */ = {
			isa = PBXProject;
			attributes = {
				LastUpgradeCheck = 0600;
				ORGANIZATIONNAME = TannerLabs;
				TargetAttributes = {
					71B57C7F19C7705600EF6AE3 = {
						CreatedOnToolsVersion = 6.0;
					};
					71B57C9219C7705700EF6AE3 = {
						CreatedOnToolsVersion = 6.0;
						TestTargetID = 71B57C7F19C7705600EF6AE3;
					};
				};
			};
			buildConfigurationList = 71B57C7B19C7705600EF6AE3 /* Build configuration list for PBXProject "EmptyProject" */;
			compatibilityVersion = "Xcode 3.2";
			developmentRegion = English;
			hasScannedForEncodings = 0;
			knownRegions = (
				en,
				Base,
			);
			mainGroup = 71B57C7719C7705600EF6AE3;
			productRefGroup = 71B57C8119C7705600EF6AE3 /* Products */;
			projectDirPath = "";
			projectRoot = "";
			targets = (
				71B57C7F19C7705600EF6AE3 /* EmptyProject */,
				71B57C9219C7705700EF6AE3 /* EmptyProjectTests */,
			);
		};
/* End PBXProject section */

/* Begin PBXResourcesBuildPhase section */
		71B57C7E19C7705600EF6AE3 /* Resources */ = {
			isa = PBXResourcesBuildPhase;
			buildActionMask = 2147483647;
			files = (
				71B57C8B19C7705600EF6AE3 /* Images.xcassets in Resources */,
			);
			runOnlyForDeploymentPostprocessing = 0;
		};
		71B57C9119C7705700EF6AE3 /* Resources */ = {
			isa = PBXResourcesBuildPhase;
			buildActionMask = 2147483647;
			files = (
			);
			runOnlyForDeploymentPostprocessing = 0;
		};
/* End PBXResourcesBuildPhase section */

/* Begin PBXSourcesBuildPhase section */
		71B57C7C19C7705600EF6AE3 /* Sources */ = {
			isa = PBXSourcesBuildPhase;
			buildActionMask = 2147483647;
			files = (
				71B57C8919C7705600EF6AE3 /* AppDelegate.m in Sources */,
				71B57C8619C7705600EF6AE3 /* main.m in Sources */,
			);
			runOnlyForDeploymentPostprocessing = 0;
		};
		71B57C8F19C7705700EF6AE3 /* Sources */ = {
			isa = PBXSourcesBuildPhase;
			buildActionMask = 2147483647;
			files = (
				71B57C9A19C7705700EF6AE3 /* EmptyProjectTests.m in Sources */,
			);
			runOnlyForDeploymentPostprocessing = 0;
		};
/* End PBXSourcesBuildPhase section */

/* Begin PBXTargetDependency section */
		71B57C9519C7705700EF6AE3 /* PBXTargetDependency */ = {
			isa = PBXTargetDependency;
			target = 71B57C7F19C7705600EF6AE3 /* EmptyProject */;
			targetProxy = 71B57C9419C7705700EF6AE3 /* PBXContainerItemProxy */;
		};
/* End PBXTargetDependency section */

/* Begin XCBuildConfiguration section */
		71B57C9B19C7705700EF6AE3 /* Debug */ = {
			isa = XCBuildConfiguration;
			buildSettings = {
				ALWAYS_SEARCH_USER_PATHS = NO;
				CLANG_CXX_LANGUAGE_STANDARD = "gnu++0x";
				CLANG_CXX_LIBRARY = "libc++";
				CLANG_ENABLE_MODULES = YES;
				CLANG_ENABLE_OBJC_ARC = YES;
				CLANG_WARN_BOOL_CONVERSION = YES;
				CLANG_WARN_CONSTANT_CONVERSION = YES;
				CLANG_WARN_DIRECT_OBJC_ISA_USAGE = YES_ERROR;
				CLANG_WARN_EMPTY_BODY = YES;
				CLANG_WARN_ENUM_CONVERSION = YES;
				CLANG_WARN_INT_CONVERSION = YES;
				CLANG_WARN_OBJC_ROOT_CLASS = YES_ERROR;
				CLANG_WARN_UNREACHABLE_CODE = YES;
				CLANG_WARN__DUPLICATE_METHOD_MATCH = YES;
				"CODE_SIGN_IDENTITY[sdk=iphoneos*]" = "iPhone Developer";
				COPY_PHASE_STRIP = NO;
				ENABLE_STRICT_OBJC_MSGSEND = YES;
				GCC_C_LANGUAGE_STANDARD = gnu99;
				GCC_DYNAMIC_NO_PIC = NO;
				GCC_OPTIMIZATION_LEVEL = 0;
				GCC_PREPROCESSOR_DEFINITIONS = (
					"DEBUG=1",
					"$(inherited)",
				);
				GCC_SYMBOLS_PRIVATE_EXTERN = NO;
				GCC_WARN_64_TO_32_BIT_CONVERSION = YES;
				GCC_WARN_ABOUT_RETURN_TYPE = YES_ERROR;
				GCC_WARN_UNDECLARED_SELECTOR = YES;
				GCC_WARN_UNINITIALIZED_AUTOS = YES_AGGRESSIVE;
				GCC_WARN_UNUSED_FUNCTION = YES;
				GCC_WARN_UNUSED_VARIABLE = YES;
				IPHONEOS_DEPLOYMENT_TARGET = 8.0;
				MTL_ENABLE_DEBUG_INFO = YES;
				ONLY_ACTIVE_ARCH = YES;
				SDKROOT = iphoneos;
				TARGETED_DEVICE_FAMILY = "1,2";
			};
			name = Debug;
		};
		71B57C9C19C7705700EF6AE3 /* Release */ = {
			isa = XCBuildConfiguration;
			buildSettings = {
				ALWAYS_SEARCH_USER_PATHS = NO;
				CLANG_CXX_LANGUAGE_STANDARD = "gnu++0x";
				CLANG_CXX_LIBRARY = "libc++";
				CLANG_ENABLE_MODULES = YES;
				CLANG_ENABLE_OBJC_ARC = YES;
				CLANG_WARN_BOOL_CONVERSION = YES;
				CLANG_WARN_CONSTANT_CONVERSION = YES;
				CLANG_WARN_DIRECT_OBJC_ISA_USAGE = YES_ERROR;
				CLANG_WARN_EMPTY_BODY = YES;
				CLANG_WARN_ENUM_CONVERSION = YES;
				CLANG_WARN_INT_CONVERSION = YES;
				CLANG_WARN_OBJC_ROOT_CLASS = YES_ERROR;
				CLANG_WARN_UNREACHABLE_CODE = YES;
				CLANG_WARN__DUPLICATE_METHOD_MATCH = YES;
				"CODE_SIGN_IDENTITY[sdk=iphoneos*]" = "iPhone Developer";
				COPY_PHASE_STRIP = YES;
				ENABLE_NS_ASSERTIONS = NO;
				ENABLE_STRICT_OBJC_MSGSEND = YES;
				GCC_C_LANGUAGE_STANDARD = gnu99;
				GCC_WARN_64_TO_32_BIT_CONVERSION = YES;
				GCC_WARN_ABOUT_RETURN_TYPE = YES_ERROR;
				GCC_WARN_UNDECLARED_SELECTOR = YES;
				GCC_WARN_UNINITIALIZED_AUTOS = YES_AGGRESSIVE;
				GCC_WARN_UNUSED_FUNCTION = YES;
				GCC_WARN_UNUSED_VARIABLE = YES;
				IPHONEOS_DEPLOYMENT_TARGET = 8.0;
				MTL_ENABLE_DEBUG_INFO = NO;
				SDKROOT = iphoneos;
				TARGETED_DEVICE_FAMILY = "1,2";
				VALIDATE_PRODUCT = YES;
			};
			name = Release;
		};
		71B57C9E19C7705700EF6AE3 /* Debug */ = {
			isa = XCBuildConfiguration;
			buildSettings = {
				ASSETCATALOG_COMPILER_APPICON_NAME = AppIcon;
				INFOPLIST_FILE = EmptyProject/Info.plist;
				LD_RUNPATH_SEARCH_PATHS = "$(inherited) @executable_path/Frameworks";
				PRODUCT_NAME = "$(TARGET_NAME)";
			};
			name = Debug;
		};
		71B57C9F19C7705700EF6AE3 /* Release */ = {
			isa = XCBuildConfiguration;
			buildSettings = {
				ASSETCATALOG_COMPILER_APPICON_NAME = AppIcon;
				INFOPLIST_FILE = EmptyProject/Info.plist;
				LD_RUNPATH_SEARCH_PATHS = "$(inherited) @executable_path/Frameworks";
				PRODUCT_NAME = "$(TARGET_NAME)";
			};
			name = Release;
		};
		71B57CA119C7705700EF6AE3 /* Debug */ = {
			isa = XCBuildConfiguration;
			buildSettings = {
				BUNDLE_LOADER = "$(TEST_HOST)";
				FRAMEWORK_SEARCH_PATHS = (
					"$(SDKROOT)/Developer/Library/Frameworks",
					"$(inherited)",
				);
				GCC_PREPROCESSOR_DEFINITIONS = (
					"DEBUG=1",
					"$(inherited)",
				);
				INFOPLIST_FILE = EmptyProjectTests/Info.plist;
				LD_RUNPATH_SEARCH_PATHS = "$(inherited) @executable_path/Frameworks @loader_path/Frameworks";
				PRODUCT_NAME = "$(TARGET_NAME)";
				TEST_HOST = "$(BUILT_PRODUCTS_DIR)/EmptyProject.app/EmptyProject";
			};
			name = Debug;
		};
		71B57CA219C7705700EF6AE3 /* Release */ = {
			isa = XCBuildConfiguration;
			buildSettings = {
				BUNDLE_LOADER = "$(TEST_HOST)";
				FRAMEWORK_SEARCH_PATHS = (
					"$(SDKROOT)/Developer/Library/Frameworks",
					"$(inherited)",
				);
				INFOPLIST_FILE = EmptyProjectTests/Info.plist;
				LD_RUNPATH_SEARCH_PATHS = "$(inherited) @executable_path/Frameworks @loader_path/Frameworks";
				PRODUCT_NAME = "$(TARGET_NAME)";
				TEST_HOST = "$(BUILT_PRODUCTS_DIR)/EmptyProject.app/EmptyProject";
			};
			name = Release;
		};
/* End XCBuildConfiguration section */

/* Begin XCConfigurationList section */
		71B57C7B19C7705600EF6AE3 /* Build configuration list for PBXProject "EmptyProject" */ = {
			isa = XCConfigurationList;
			buildConfigurations = (
				71B57C9B19C7705700EF6AE3 /* Debug */,
				71B57C9C19C7705700EF6AE3 /* Release */,
			);
			defaultConfigurationIsVisible = 0;
			defaultConfigurationName = Release;
		};
		71B57C9D19C7705700EF6AE3 /* Build configuration list for PBXNativeTarget "EmptyProject" */ = {
			isa = XCConfigurationList;
			buildConfigurations = (
				71B57C9E19C7705700EF6AE3 /* Debug */,
				71B57C9F19C7705700EF6AE3 /* Release */,
			);
			defaultConfigurationIsVisible = 0;
		};
		71B57CA019C7705700EF6AE3 /* Build configuration list for PBXNativeTarget "EmptyProjectTests" */ = {
			isa = XCConfigurationList;
			buildConfigurations = (
				71B57CA119C7705700EF6AE3 /* Debug */,
				71B57CA219C7705700EF6AE3 /* Release */,
			);
			defaultConfigurationIsVisible = 0;
		};
/* End XCConfigurationList section */
	};
	rootObject = 71B57C7819C7705600EF6AE3 /* Project object */;
}
